// !$*UTF8*$!
{
	archiveVersion = 1;
	classes = {
	};
	objectVersion = 48;
	objects = {

/* Begin PBXBuildFile section */
		810DF2621FDF1AA400C0EA78 /* AppDelegate.swift in Sources */ = {isa = PBXBuildFile; fileRef = 810DF2611FDF1AA400C0EA78 /* AppDelegate.swift */; };
		810DF2671FDF1AA400C0EA78 /* Main.storyboard in Resources */ = {isa = PBXBuildFile; fileRef = 810DF2651FDF1AA400C0EA78 /* Main.storyboard */; };
		810DF2691FDF1AA400C0EA78 /* Assets.xcassets in Resources */ = {isa = PBXBuildFile; fileRef = 810DF2681FDF1AA400C0EA78 /* Assets.xcassets */; };
		810DF26C1FDF1AA400C0EA78 /* LaunchScreen.storyboard in Resources */ = {isa = PBXBuildFile; fileRef = 810DF26A1FDF1AA400C0EA78 /* LaunchScreen.storyboard */; };
		810DF2741FDF1FDC00C0EA78 /* IntroViewController.swift in Sources */ = {isa = PBXBuildFile; fileRef = 810DF2731FDF1FDC00C0EA78 /* IntroViewController.swift */; };
		810DF2771FDF207D00C0EA78 /* UserEstablishedViewController.swift in Sources */ = {isa = PBXBuildFile; fileRef = 810DF2761FDF207D00C0EA78 /* UserEstablishedViewController.swift */; };
/* End PBXBuildFile section */

/* Begin PBXFileReference section */
		810DF25E1FDF1AA400C0EA78 /* UserDefaults-Exercises.app */ = {isa = PBXFileReference; explicitFileType = wrapper.application; includeInIndex = 0; path = "UserDefaults-Exercises.app"; sourceTree = BUILT_PRODUCTS_DIR; };
		810DF2611FDF1AA400C0EA78 /* AppDelegate.swift */ = {isa = PBXFileReference; lastKnownFileType = sourcecode.swift; path = AppDelegate.swift; sourceTree = "<group>"; };
		810DF2661FDF1AA400C0EA78 /* Base */ = {isa = PBXFileReference; lastKnownFileType = file.storyboard; name = Base; path = Base.lproj/Main.storyboard; sourceTree = "<group>"; };
		810DF2681FDF1AA400C0EA78 /* Assets.xcassets */ = {isa = PBXFileReference; lastKnownFileType = folder.assetcatalog; path = Assets.xcassets; sourceTree = "<group>"; };
		810DF26B1FDF1AA400C0EA78 /* Base */ = {isa = PBXFileReference; lastKnownFileType = file.storyboard; name = Base; path = Base.lproj/LaunchScreen.storyboard; sourceTree = "<group>"; };
		810DF26D1FDF1AA400C0EA78 /* Info.plist */ = {isa = PBXFileReference; lastKnownFileType = text.plist.xml; path = Info.plist; sourceTree = "<group>"; };
		810DF2731FDF1FDC00C0EA78 /* IntroViewController.swift */ = {isa = PBXFileReference; lastKnownFileType = sourcecode.swift; path = IntroViewController.swift; sourceTree = "<group>"; };
		810DF2761FDF207D00C0EA78 /* UserEstablishedViewController.swift */ = {isa = PBXFileReference; lastKnownFileType = sourcecode.swift; path = UserEstablishedViewController.swift; sourceTree = "<group>"; };
/* End PBXFileReference section */

/* Begin PBXFrameworksBuildPhase section */
		810DF25B1FDF1AA400C0EA78 /* Frameworks */ = {
			isa = PBXFrameworksBuildPhase;
			buildActionMask = 2147483647;
			files = (
			);
			runOnlyForDeploymentPostprocessing = 0;
		};
/* End PBXFrameworksBuildPhase section */

/* Begin PBXGroup section */
		810DF2551FDF1AA400C0EA78 = {
			isa = PBXGroup;
			children = (
				810DF2601FDF1AA400C0EA78 /* UserDefaults-Exercises */,
				810DF25F1FDF1AA400C0EA78 /* Products */,
			);
			sourceTree = "<group>";
		};
		810DF25F1FDF1AA400C0EA78 /* Products */ = {
			isa = PBXGroup;
			children = (
				810DF25E1FDF1AA400C0EA78 /* UserDefaults-Exercises.app */,
			);
			name = Products;
			sourceTree = "<group>";
		};
		810DF2601FDF1AA400C0EA78 /* UserDefaults-Exercises */ = {
			isa = PBXGroup;
			children = (
				810DF2751FDF201400C0EA78 /* Unused Stuff */,
				810DF2611FDF1AA400C0EA78 /* AppDelegate.swift */,
				810DF2651FDF1AA400C0EA78 /* Main.storyboard */,
				810DF2731FDF1FDC00C0EA78 /* IntroViewController.swift */,
				810DF2761FDF207D00C0EA78 /* UserEstablishedViewController.swift */,
				810DF26D1FDF1AA400C0EA78 /* Info.plist */,
			);
			path = "UserDefaults-Exercises";
			sourceTree = "<group>";
		};
		810DF2751FDF201400C0EA78 /* Unused Stuff */ = {
			isa = PBXGroup;
			children = (
				810DF26A1FDF1AA400C0EA78 /* LaunchScreen.storyboard */,
				810DF2681FDF1AA400C0EA78 /* Assets.xcassets */,
			);
			path = "Unused Stuff";
			sourceTree = "<group>";
		};
/* End PBXGroup section */

/* Begin PBXNativeTarget section */
		810DF25D1FDF1AA400C0EA78 /* UserDefaults-Exercises */ = {
			isa = PBXNativeTarget;
			buildConfigurationList = 810DF2701FDF1AA400C0EA78 /* Build configuration list for PBXNativeTarget "UserDefaults-Exercises" */;
			buildPhases = (
				810DF25A1FDF1AA400C0EA78 /* Sources */,
				810DF25B1FDF1AA400C0EA78 /* Frameworks */,
				810DF25C1FDF1AA400C0EA78 /* Resources */,
			);
			buildRules = (
			);
			dependencies = (
			);
			name = "UserDefaults-Exercises";
			productName = "UserDefaults-Exercises";
			productReference = 810DF25E1FDF1AA400C0EA78 /* UserDefaults-Exercises.app */;
			productType = "com.apple.product-type.application";
		};
/* End PBXNativeTarget section */

/* Begin PBXProject section */
		810DF2561FDF1AA400C0EA78 /* Project object */ = {
			isa = PBXProject;
			attributes = {
				LastSwiftUpdateCheck = 0900;
				LastUpgradeCheck = 0900;
				ORGANIZATIONNAME = "Melissa He @ C4Q";
				TargetAttributes = {
					810DF25D1FDF1AA400C0EA78 = {
						CreatedOnToolsVersion = 9.0;
						ProvisioningStyle = Automatic;
					};
				};
			};
			buildConfigurationList = 810DF2591FDF1AA400C0EA78 /* Build configuration list for PBXProject "UserDefaults-Exercises" */;
			compatibilityVersion = "Xcode 8.0";
			developmentRegion = en;
			hasScannedForEncodings = 0;
			knownRegions = (
				en,
				Base,
			);
			mainGroup = 810DF2551FDF1AA400C0EA78;
			productRefGroup = 810DF25F1FDF1AA400C0EA78 /* Products */;
			projectDirPath = "";
			projectRoot = "";
			targets = (
				810DF25D1FDF1AA400C0EA78 /* UserDefaults-Exercises */,
			);
		};
/* End PBXProject section */

/* Begin PBXResourcesBuildPhase section */
		810DF25C1FDF1AA400C0EA78 /* Resources */ = {
			isa = PBXResourcesBuildPhase;
			buildActionMask = 2147483647;
			files = (
				810DF26C1FDF1AA400C0EA78 /* LaunchScreen.storyboard in Resources */,
				810DF2691FDF1AA400C0EA78 /* Assets.xcassets in Resources */,
				810DF2671FDF1AA400C0EA78 /* Main.storyboard in Resources */,
			);
			runOnlyForDeploymentPostprocessing = 0;
		};
/* End PBXResourcesBuildPhase section */

/* Begin PBXSourcesBuildPhase section */
		810DF25A1FDF1AA400C0EA78 /* Sources */ = {
			isa = PBXSourcesBuildPhase;
			buildActionMask = 2147483647;
			files = (
				810DF2621FDF1AA400C0EA78 /* AppDelegate.swift in Sources */,
				810DF2741FDF1FDC00C0EA78 /* IntroViewController.swift in Sources */,
				810DF2771FDF207D00C0EA78 /* UserEstablishedViewController.swift in Sources */,
			);
			runOnlyForDeploymentPostprocessing = 0;
		};
/* End PBXSourcesBuildPhase section */

/* Begin PBXVariantGroup section */
		810DF2651FDF1AA400C0EA78 /* Main.storyboard */ = {
			isa = PBXVariantGroup;
			children = (
				810DF2661FDF1AA400C0EA78 /* Base */,
			);
			name = Main.storyboard;
			sourceTree = "<group>";
		};
		810DF26A1FDF1AA400C0EA78 /* LaunchScreen.storyboard */ = {
			isa = PBXVariantGroup;
			children = (
				810DF26B1FDF1AA400C0EA78 /* Base */,
			);
			name = LaunchScreen.storyboard;
			sourceTree = "<group>";
		};
/* End PBXVariantGroup section */

/* Begin XCBuildConfiguration section */
		810DF26E1FDF1AA400C0EA78 /* Debug */ = {
			isa = XCBuildConfiguration;
			buildSettings = {
				ALWAYS_SEARCH_USER_PATHS = NO;
				CLANG_ANALYZER_NONNULL = YES;
				CLANG_ANALYZER_NUMBER_OBJECT_CONVERSION = YES_AGGRESSIVE;
				CLANG_CXX_LANGUAGE_STANDARD = "gnu++14";
				CLANG_CXX_LIBRARY = "libc++";
				CLANG_ENABLE_MODULES = YES;
				CLANG_ENABLE_OBJC_ARC = YES;
				CLANG_WARN_BLOCK_CAPTURE_AUTORELEASING = YES;
				CLANG_WARN_BOOL_CONVERSION = YES;
				CLANG_WARN_COMMA = YES;
				CLANG_WARN_CONSTANT_CONVERSION = YES;
				CLANG_WARN_DIRECT_OBJC_ISA_USAGE = YES_ERROR;
				CLANG_WARN_DOCUMENTATION_COMMENTS = YES;
				CLANG_WARN_EMPTY_BODY = YES;
				CLANG_WARN_ENUM_CONVERSION = YES;
				CLANG_WARN_INFINITE_RECURSION = YES;
				CLANG_WARN_INT_CONVERSION = YES;
				CLANG_WARN_NON_LITERAL_NULL_CONVERSION = YES;
				CLANG_WARN_OBJC_LITERAL_CONVERSION = YES;
				CLANG_WARN_OBJC_ROOT_CLASS = YES_ERROR;
				CLANG_WARN_RANGE_LOOP_ANALYSIS = YES;
				CLANG_WARN_STRICT_PROTOTYPES = YES;
				CLANG_WARN_SUSPICIOUS_MOVE = YES;
				CLANG_WARN_UNGUARDED_AVAILABILITY = YES_AGGRESSIVE;
				CLANG_WARN_UNREACHABLE_CODE = YES;
				CLANG_WARN__DUPLICATE_METHOD_MATCH = YES;
				CODE_SIGN_IDENTITY = "iPhone Developer";
				COPY_PHASE_STRIP = NO;
				DEBUG_INFORMATION_FORMAT = dwarf;
				ENABLE_STRICT_OBJC_MSGSEND = YES;
				ENABLE_TESTABILITY = YES;
				GCC_C_LANGUAGE_STANDARD = gnu11;
				GCC_DYNAMIC_NO_PIC = NO;
				GCC_NO_COMMON_BLOCKS = YES;
				GCC_OPTIMIZATION_LEVEL = 0;
				GCC_PREPROCESSOR_DEFINITIONS = (
					"DEBUG=1",
					"$(inherited)",
				);
				GCC_WARN_64_TO_32_BIT_CONVERSION = YES;
				GCC_WARN_ABOUT_RETURN_TYPE = YES_ERROR;
				GCC_WARN_UNDECLARED_SELECTOR = YES;
				GCC_WARN_UNINITIALIZED_AUTOS = YES_AGGRESSIVE;
				GCC_WARN_UNUSED_FUNCTION = YES;
				GCC_WARN_UNUSED_VARIABLE = YES;
				IPHONEOS_DEPLOYMENT_TARGET = 11.0;
				MTL_ENABLE_DEBUG_INFO = YES;
				ONLY_ACTIVE_ARCH = YES;
				SDKROOT = iphoneos;
				SWIFT_ACTIVE_COMPILATION_CONDITIONS = DEBUG;
				SWIFT_OPTIMIZATION_LEVEL = "-Onone";
			};
			name = Debug;
		};
		810DF26F1FDF1AA400C0EA78 /* Release */ = {
			isa = XCBuildConfiguration;
			buildSettings = {
				ALWAYS_SEARCH_USER_PATHS = NO;
				CLANG_ANALYZER_NONNULL = YES;
				CLANG_ANALYZER_NUMBER_OBJECT_CONVERSION = YES_AGGRESSIVE;
				CLANG_CXX_LANGUAGE_STANDARD = "gnu++14";
				CLANG_CXX_LIBRARY = "libc++";
				CLANG_ENABLE_MODULES = YES;
				CLANG_ENABLE_OBJC_ARC = YES;
				CLANG_WARN_BLOCK_CAPTURE_AUTORELEASING = YES;
				CLANG_WARN_BOOL_CONVERSION = YES;
				CLANG_WARN_COMMA = YES;
				CLANG_WARN_CONSTANT_CONVERSION = YES;
				CLANG_WARN_DIRECT_OBJC_ISA_USAGE = YES_ERROR;
				CLANG_WARN_DOCUMENTATION_COMMENTS = YES;
				CLANG_WARN_EMPTY_BODY = YES;
				CLANG_WARN_ENUM_CONVERSION = YES;
				CLANG_WARN_INFINITE_RECURSION = YES;
				CLANG_WARN_INT_CONVERSION = YES;
				CLANG_WARN_NON_LITERAL_NULL_CONVERSION = YES;
				CLANG_WARN_OBJC_LITERAL_CONVERSION = YES;
				CLANG_WARN_OBJC_ROOT_CLASS = YES_ERROR;
				CLANG_WARN_RANGE_LOOP_ANALYSIS = YES;
				CLANG_WARN_STRICT_PROTOTYPES = YES;
				CLANG_WARN_SUSPICIOUS_MOVE = YES;
				CLANG_WARN_UNGUARDED_AVAILABILITY = YES_AGGRESSIVE;
				CLANG_WARN_UNREACHABLE_CODE = YES;
				CLANG_WARN__DUPLICATE_METHOD_MATCH = YES;
				CODE_SIGN_IDENTITY = "iPhone Developer";
				COPY_PHASE_STRIP = NO;
				DEBUG_INFORMATION_FORMAT = "dwarf-with-dsym";
				ENABLE_NS_ASSERTIONS = NO;
				ENABLE_STRICT_OBJC_MSGSEND = YES;
				GCC_C_LANGUAGE_STANDARD = gnu11;
				GCC_NO_COMMON_BLOCKS = YES;
				GCC_WARN_64_TO_32_BIT_CONVERSION = YES;
				GCC_WARN_ABOUT_RETURN_TYPE = YES_ERROR;
				GCC_WARN_UNDECLARED_SELECTOR = YES;
				GCC_WARN_UNINITIALIZED_AUTOS = YES_AGGRESSIVE;
				GCC_WARN_UNUSED_FUNCTION = YES;
				GCC_WARN_UNUSED_VARIABLE = YES;
				IPHONEOS_DEPLOYMENT_TARGET = 11.0;
				MTL_ENABLE_DEBUG_INFO = NO;
				SDKROOT = iphoneos;
				SWIFT_OPTIMIZATION_LEVEL = "-Owholemodule";
				VALIDATE_PRODUCT = YES;
			};
			name = Release;
		};
		810DF2711FDF1AA400C0EA78 /* Debug */ = {
			isa = XCBuildConfiguration;
			buildSettings = {
				ASSETCATALOG_COMPILER_APPICON_NAME = AppIcon;
				CODE_SIGN_STYLE = Automatic;
				DEVELOPMENT_TEAM = M6644XK36Y;
				INFOPLIST_FILE = "UserDefaults-Exercises/Info.plist";
				LD_RUNPATH_SEARCH_PATHS = "$(inherited) @executable_path/Frameworks";
				PRODUCT_BUNDLE_IDENTIFIER = "Melissa-He.UserDefaults-Exercises";
				PRODUCT_NAME = "$(TARGET_NAME)";
				SWIFT_VERSION = 4.0;
				TARGETED_DEVICE_FAMILY = "1,2";
			};
			name = Debug;
		};
		810DF2721FDF1AA400C0EA78 /* Release */ = {
			isa = XCBuildConfiguration;
			buildSettings = {
				ASSETCATALOG_COMPILER_APPICON_NAME = AppIcon;
				CODE_SIGN_STYLE = Automatic;
				DEVELOPMENT_TEAM = M6644XK36Y;
				INFOPLIST_FILE = "UserDefaults-Exercises/Info.plist";
				LD_RUNPATH_SEARCH_PATHS = "$(inherited) @executable_path/Frameworks";
				PRODUCT_BUNDLE_IDENTIFIER = "Melissa-He.UserDefaults-Exercises";
				PRODUCT_NAME = "$(TARGET_NAME)";
				SWIFT_VERSION = 4.0;
				TARGETED_DEVICE_FAMILY = "1,2";
			};
			name = Release;
		};
/* End XCBuildConfiguration section */

/* Begin XCConfigurationList section */
		810DF2591FDF1AA400C0EA78 /* Build configuration list for PBXProject "UserDefaults-Exercises" */ = {
			isa = XCConfigurationList;
			buildConfigurations = (
				810DF26E1FDF1AA400C0EA78 /* Debug */,
				810DF26F1FDF1AA400C0EA78 /* Release */,
			);
			defaultConfigurationIsVisible = 0;
			defaultConfigurationName = Release;
		};
		810DF2701FDF1AA400C0EA78 /* Build configuration list for PBXNativeTarget "UserDefaults-Exercises" */ = {
			isa = XCConfigurationList;
			buildConfigurations = (
				810DF2711FDF1AA400C0EA78 /* Debug */,
				810DF2721FDF1AA400C0EA78 /* Release */,
			);
			defaultConfigurationIsVisible = 0;
			defaultConfigurationName = Release;
		};
/* End XCConfigurationList section */
	};
	rootObject = 810DF2561FDF1AA400C0EA78 /* Project object */;
}
